
Microsoft Visual Studio Solution File, Format Version 12.00
Project("{FAE04EC0-301F-11D3-BF4B-00C04F79EFBC}") = "Sequence Visualizer", "Sequence Visualizer\Sequence Visualizer.csproj", "{101EED9B-8291-4145-B81D-7AA0DE1DA550}"
EndProject
Global
	GlobalSection(SolutionConfigurationPlatforms) = preSolution
		Debug|Any CPU = Debug|Any CPU
		Release|Any CPU = Release|Any CPU
	EndGlobalSection
	GlobalSection(ProjectConfigurationPlatforms) = postSolution
		{101EED9B-8291-4145-B81D-7AA0DE1DA550}.Debug|Any CPU.ActiveCfg = Debug|Any CPU
		{101EED9B-8291-4145-B81D-7AA0DE1DA550}.Debug|Any CPU.Build.0 = Debug|Any CPU
		{101EED9B-8291-4145-B81D-7AA0DE1DA550}.Release|Any CPU.ActiveCfg = Release|Any CPU
		{101EED9B-8291-4145-B81D-7AA0DE1DA550}.Release|Any CPU.Build.0 = Release|Any CPU
	EndGlobalSection
EndGlobal
